
Microsoft Visual Studio Solution File, Format Version 12.00
# Visual Studio Version 17
VisualStudioVersion = 17.11.35312.102
MinimumVisualStudioVersion = 10.0.40219.1
Project("{9A19103F-16F7-4668-BE54-9A1E7A4F7556}") = "RevitNinja", "RevitNinja.csproj", "{606FFEC8-C66D-4A53-B78B-4D354562BD44}"
EndProject
Global
	GlobalSection(SolutionConfigurationPlatforms) = preSolution
		Debug|Any CPU = Debug|Any CPU
		Release|Any CPU = Release|Any CPU
	EndGlobalSection
	GlobalSection(ProjectConfigurationPlatforms) = postSolution
		{606FFEC8-C66D-4A53-B78B-4D354562BD44}.Debug|Any CPU.ActiveCfg = Debug|Any CPU
		{606FFEC8-C66D-4A53-B78B-4D354562BD44}.Debug|Any CPU.Build.0 = Debug|Any CPU
		{606FFEC8-C66D-4A53-B78B-4D354562BD44}.Release|Any CPU.ActiveCfg = Release|Any CPU
		{606FFEC8-C66D-4A53-B78B-4D354562BD44}.Release|Any CPU.Build.0 = Release|Any CPU
	EndGlobalSection
	GlobalSection(SolutionProperties) = preSolution
		HideSolutionNode = FALSE
	EndGlobalSection
	GlobalSection(ExtensibilityGlobals) = postSolution
		SolutionGuid = {B43C9F03-3CBE-4E71-A160-E1C3AE2F8223}
	EndGlobalSection
EndGlobal
